
Microsoft Visual Studio Solution File, Format Version 12.00
# Visual Studio Version 18
VisualStudioVersion = 18.4.11626.88 stable
MinimumVisualStudioVersion = 10.0.40219.1
Project("{FAE04EC0-301F-11D3-BF4B-00C04F79EFBC}") = "IskolRepository", "IskolRepository.csproj", "{B251BD41-F9D5-5BE4-2509-12E85E2873FC}"
EndProject
Global
	GlobalSection(SolutionConfigurationPlatforms) = preSolution
		Debug|Any CPU = Debug|Any CPU
		Release|Any CPU = Release|Any CPU
	EndGlobalSection
	GlobalSection(ProjectConfigurationPlatforms) = postSolution
		{B251BD41-F9D5-5BE4-2509-12E85E2873FC}.Debug|Any CPU.ActiveCfg = Debug|Any CPU
		{B251BD41-F9D5-5BE4-2509-12E85E2873FC}.Debug|Any CPU.Build.0 = Debug|Any CPU
		{B251BD41-F9D5-5BE4-2509-12E85E2873FC}.Release|Any CPU.ActiveCfg = Release|Any CPU
		{B251BD41-F9D5-5BE4-2509-12E85E2873FC}.Release|Any CPU.Build.0 = Release|Any CPU
	EndGlobalSection
	GlobalSection(SolutionProperties) = preSolution
		HideSolutionNode = FALSE
	EndGlobalSection
	GlobalSection(ExtensibilityGlobals) = postSolution
		SolutionGuid = {0018783B-F2E1-43A2-ADDF-7D346FFA358C}
	EndGlobalSection
EndGlobal
